
Microsoft Visual Studio Solution File, Format Version 12.00
# Visual Studio Version 17
VisualStudioVersion = 17.3.32825.248
MinimumVisualStudioVersion = 10.0.40219.1
Project("{FAE04EC0-301F-11D3-BF4B-00C04F79EFBC}") = "Testing", "Testing\Testing.csproj", "{C6817D0E-5FB0-4C9C-BEB1-DE6704AD6CDA}"
EndProject
Project("{FAE04EC0-301F-11D3-BF4B-00C04F79EFBC}") = "TestProject3", "TestProject3\TestProject3.csproj", "{BC9CEAA0-E232-4D32-99DC-3399365930D4}"
EndProject
Global
	GlobalSection(SolutionConfigurationPlatforms) = preSolution
		Debug|Any CPU = Debug|Any CPU
		Release|Any CPU = Release|Any CPU
	EndGlobalSection
	GlobalSection(ProjectConfigurationPlatforms) = postSolution
		{C6817D0E-5FB0-4C9C-BEB1-DE6704AD6CDA}.Debug|Any CPU.ActiveCfg = Debug|Any CPU
		{C6817D0E-5FB0-4C9C-BEB1-DE6704AD6CDA}.Debug|Any CPU.Build.0 = Debug|Any CPU
		{C6817D0E-5FB0-4C9C-BEB1-DE6704AD6CDA}.Release|Any CPU.ActiveCfg = Release|Any CPU
		{C6817D0E-5FB0-4C9C-BEB1-DE6704AD6CDA}.Release|Any CPU.Build.0 = Release|Any CPU
		{BC9CEAA0-E232-4D32-99DC-3399365930D4}.Debug|Any CPU.ActiveCfg = Debug|Any CPU
		{BC9CEAA0-E232-4D32-99DC-3399365930D4}.Debug|Any CPU.Build.0 = Debug|Any CPU
		{BC9CEAA0-E232-4D32-99DC-3399365930D4}.Release|Any CPU.ActiveCfg = Release|Any CPU
		{BC9CEAA0-E232-4D32-99DC-3399365930D4}.Release|Any CPU.Build.0 = Release|Any CPU
	EndGlobalSection
	GlobalSection(SolutionProperties) = preSolution
		HideSolutionNode = FALSE
	EndGlobalSection
	GlobalSection(ExtensibilityGlobals) = postSolution
		SolutionGuid = {6C491345-E45A-407E-846B-B06307FBBEB7}
	EndGlobalSection
EndGlobal
